
Microsoft Visual Studio Solution File, Format Version 12.00
# Visual Studio Version 17
VisualStudioVersion = 17.0.32014.148
MinimumVisualStudioVersion = 10.0.40219.1
Project("{9A19103F-16F7-4668-BE54-9A1E7A4F7556}") = "Bakery", "Bakery\Bakery.csproj", "{FB5A420D-64E0-44A8-9EA8-5944CF8A1603}"
EndProject
Project("{9A19103F-16F7-4668-BE54-9A1E7A4F7556}") = "Bakery.Tests", "Bakery.Tests\Bakery.Tests.csproj", "{EDD6E1D2-0068-444A-BEFF-74448DCC7F74}"
EndProject
Project("{9A19103F-16F7-4668-BE54-9A1E7A4F7556}") = "BakeryData", "BakeryData\BakeryData.csproj", "{6ACACC35-0A5B-40A4-9FE7-BD57227FFD28}"
EndProject
Project("{9A19103F-16F7-4668-BE54-9A1E7A4F7556}") = "BakeryServices", "BakeryServices\BakeryServices.csproj", "{09B026C5-4159-4A6D-8BFA-61FC37D6E17D}"
EndProject
Global
	GlobalSection(SolutionConfigurationPlatforms) = preSolution
		Debug|Any CPU = Debug|Any CPU
		Release|Any CPU = Release|Any CPU
	EndGlobalSection
	GlobalSection(ProjectConfigurationPlatforms) = postSolution
		{FB5A420D-64E0-44A8-9EA8-5944CF8A1603}.Debug|Any CPU.ActiveCfg = Debug|Any CPU
		{FB5A420D-64E0-44A8-9EA8-5944CF8A1603}.Debug|Any CPU.Build.0 = Debug|Any CPU
		{FB5A420D-64E0-44A8-9EA8-5944CF8A1603}.Release|Any CPU.ActiveCfg = Release|Any CPU
		{FB5A420D-64E0-44A8-9EA8-5944CF8A1603}.Release|Any CPU.Build.0 = Release|Any CPU
		{EDD6E1D2-0068-444A-BEFF-74448DCC7F74}.Debug|Any CPU.ActiveCfg = Debug|Any CPU
		{EDD6E1D2-0068-444A-BEFF-74448DCC7F74}.Debug|Any CPU.Build.0 = Debug|Any CPU
		{EDD6E1D2-0068-444A-BEFF-74448DCC7F74}.Release|Any CPU.ActiveCfg = Release|Any CPU
		{EDD6E1D2-0068-444A-BEFF-74448DCC7F74}.Release|Any CPU.Build.0 = Release|Any CPU
		{6ACACC35-0A5B-40A4-9FE7-BD57227FFD28}.Debug|Any CPU.ActiveCfg = Debug|Any CPU
		{6ACACC35-0A5B-40A4-9FE7-BD57227FFD28}.Debug|Any CPU.Build.0 = Debug|Any CPU
		{6ACACC35-0A5B-40A4-9FE7-BD57227FFD28}.Release|Any CPU.ActiveCfg = Release|Any CPU
		{6ACACC35-0A5B-40A4-9FE7-BD57227FFD28}.Release|Any CPU.Build.0 = Release|Any CPU
		{09B026C5-4159-4A6D-8BFA-61FC37D6E17D}.Debug|Any CPU.ActiveCfg = Debug|Any CPU
		{09B026C5-4159-4A6D-8BFA-61FC37D6E17D}.Debug|Any CPU.Build.0 = Debug|Any CPU
		{09B026C5-4159-4A6D-8BFA-61FC37D6E17D}.Release|Any CPU.ActiveCfg = Release|Any CPU
		{09B026C5-4159-4A6D-8BFA-61FC37D6E17D}.Release|Any CPU.Build.0 = Release|Any CPU
	EndGlobalSection
	GlobalSection(SolutionProperties) = preSolution
		HideSolutionNode = FALSE
	EndGlobalSection
	GlobalSection(ExtensibilityGlobals) = postSolution
		SolutionGuid = {542183DF-42E7-4B95-9AFF-F8039C466DA0}
	EndGlobalSection
EndGlobal
